
Microsoft Visual Studio Solution File, Format Version 12.00
# Visual Studio Version 16
VisualStudioVersion = 16.0.30320.27
MinimumVisualStudioVersion = 10.0.40219.1
Project("{9A19103F-16F7-4668-BE54-9A1E7A4F7556}") = "NinjaStore", "NinjaStore\NinjaStore.csproj", "{6F99F0B4-D51F-4301-9113-6D050A8834A9}"
EndProject
Project("{9A19103F-16F7-4668-BE54-9A1E7A4F7556}") = "NinjaStore.DAL", "NinjaStore.DAL\NinjaStore.DAL.csproj", "{7CE990C8-249E-46D4-AF1F-BD6049AE8D93}"
EndProject
Project("{9A19103F-16F7-4668-BE54-9A1E7A4F7556}") = "NinjaStore.Parser", "NinjaStore.Parser\NinjaStore.Parser.csproj", "{A1F62B7E-E23B-486F-94F9-EF635456D578}"
EndProject
Project("{FAE04EC0-301F-11D3-BF4B-00C04F79EFBC}") = "NinjaStore.BLL", "NinjaStore.BLL\NinjaStore.BLL.csproj", "{40F7FCB8-5846-4F4E-85FD-1C1D75648598}"
EndProject
Global
	GlobalSection(SolutionConfigurationPlatforms) = preSolution
		Debug|Any CPU = Debug|Any CPU
		Release|Any CPU = Release|Any CPU
	EndGlobalSection
	GlobalSection(ProjectConfigurationPlatforms) = postSolution
		{6F99F0B4-D51F-4301-9113-6D050A8834A9}.Debug|Any CPU.ActiveCfg = Debug|Any CPU
		{6F99F0B4-D51F-4301-9113-6D050A8834A9}.Debug|Any CPU.Build.0 = Debug|Any CPU
		{6F99F0B4-D51F-4301-9113-6D050A8834A9}.Release|Any CPU.ActiveCfg = Release|Any CPU
		{6F99F0B4-D51F-4301-9113-6D050A8834A9}.Release|Any CPU.Build.0 = Release|Any CPU
		{7CE990C8-249E-46D4-AF1F-BD6049AE8D93}.Debug|Any CPU.ActiveCfg = Debug|Any CPU
		{7CE990C8-249E-46D4-AF1F-BD6049AE8D93}.Debug|Any CPU.Build.0 = Debug|Any CPU
		{7CE990C8-249E-46D4-AF1F-BD6049AE8D93}.Release|Any CPU.ActiveCfg = Release|Any CPU
		{7CE990C8-249E-46D4-AF1F-BD6049AE8D93}.Release|Any CPU.Build.0 = Release|Any CPU
		{A1F62B7E-E23B-486F-94F9-EF635456D578}.Debug|Any CPU.ActiveCfg = Debug|Any CPU
		{A1F62B7E-E23B-486F-94F9-EF635456D578}.Debug|Any CPU.Build.0 = Debug|Any CPU
		{A1F62B7E-E23B-486F-94F9-EF635456D578}.Release|Any CPU.ActiveCfg = Release|Any CPU
		{A1F62B7E-E23B-486F-94F9-EF635456D578}.Release|Any CPU.Build.0 = Release|Any CPU
		{40F7FCB8-5846-4F4E-85FD-1C1D75648598}.Debug|Any CPU.ActiveCfg = Debug|Any CPU
		{40F7FCB8-5846-4F4E-85FD-1C1D75648598}.Debug|Any CPU.Build.0 = Debug|Any CPU
		{40F7FCB8-5846-4F4E-85FD-1C1D75648598}.Release|Any CPU.ActiveCfg = Release|Any CPU
		{40F7FCB8-5846-4F4E-85FD-1C1D75648598}.Release|Any CPU.Build.0 = Release|Any CPU
	EndGlobalSection
	GlobalSection(SolutionProperties) = preSolution
		HideSolutionNode = FALSE
	EndGlobalSection
	GlobalSection(ExtensibilityGlobals) = postSolution
		SolutionGuid = {2351FF27-41A4-43AC-B625-ACA1E7042390}
	EndGlobalSection
EndGlobal
